
Microsoft Visual Studio Solution File, Format Version 12.00
# Visual Studio 15
VisualStudioVersion = 15.0.28307.705
MinimumVisualStudioVersion = 10.0.40219.1
Project("{FAE04EC0-301F-11D3-BF4B-00C04F79EFBC}") = "RabbitMQ", "RabbitMQ\RabbitMQ.csproj", "{04D9B37E-034E-4A0D-93A7-278689FC44C8}"
EndProject
Global
	GlobalSection(SolutionConfigurationPlatforms) = preSolution
		Debug|Any CPU = Debug|Any CPU
		Release|Any CPU = Release|Any CPU
	EndGlobalSection
	GlobalSection(ProjectConfigurationPlatforms) = postSolution
		{04D9B37E-034E-4A0D-93A7-278689FC44C8}.Debug|Any CPU.ActiveCfg = Debug|Any CPU
		{04D9B37E-034E-4A0D-93A7-278689FC44C8}.Debug|Any CPU.Build.0 = Debug|Any CPU
		{04D9B37E-034E-4A0D-93A7-278689FC44C8}.Release|Any CPU.ActiveCfg = Release|Any CPU
		{04D9B37E-034E-4A0D-93A7-278689FC44C8}.Release|Any CPU.Build.0 = Release|Any CPU
	EndGlobalSection
	GlobalSection(SolutionProperties) = preSolution
		HideSolutionNode = FALSE
	EndGlobalSection
	GlobalSection(ExtensibilityGlobals) = postSolution
		SolutionGuid = {7F504645-5EC9-40E7-9A55-5489AC64BCD2}
	EndGlobalSection
EndGlobal
